
Microsoft Visual Studio Solution File, Format Version 12.00
# Visual Studio Version 16
VisualStudioVersion = 16.0.31605.320
MinimumVisualStudioVersion = 10.0.40219.1
Project("{9A19103F-16F7-4668-BE54-9A1E7A4F7556}") = "ErstesProgramm", "ErstesProgramm\ErstesProgramm.csproj", "{8F994561-FF09-4D3F-A5F3-F60653E88F24}"
EndProject
Project("{9A19103F-16F7-4668-BE54-9A1E7A4F7556}") = "Volljährig", "Volljährig\Volljährig.csproj", "{484C86C4-13DD-476D-8BFC-BD8D5B8BD6C9}"
EndProject
Project("{2150E333-8FDC-42A3-9474-1A3956D46DE8}") = "Beispiele", "Beispiele", "{12493A9C-DC62-4568-8075-27AE77087A0A}"
EndProject
Project("{2150E333-8FDC-42A3-9474-1A3956D46DE8}") = "Themen", "Themen", "{06C5959A-CEB3-4724-B8CA-D5BA634F8218}"
EndProject
Project("{9A19103F-16F7-4668-BE54-9A1E7A4F7556}") = "Kontrollstrukturen", "Kontrollstrukturen\Kontrollstrukturen.csproj", "{780DC723-277D-4428-BC0E-C22D181301DA}"
EndProject
Project("{2150E333-8FDC-42A3-9474-1A3956D46DE8}") = "Aufgaben", "Aufgaben", "{EC1F4500-1DC1-40EA-B5F3-28F84525B1AD}"
EndProject
Project("{9A19103F-16F7-4668-BE54-9A1E7A4F7556}") = "BMI", "BMI\BMI.csproj", "{C39CAD4D-9233-4E1C-A988-09ACC15C5A48}"
EndProject
Project("{9A19103F-16F7-4668-BE54-9A1E7A4F7556}") = "Datentypen", "Datentypen\Datentypen.csproj", "{3900B535-5EC4-4A50-81B7-6E8F37435583}"
EndProject
Project("{9A19103F-16F7-4668-BE54-9A1E7A4F7556}") = "Zeichenfolgen", "Zeichenfolgen\Zeichenfolgen.csproj", "{D12854BB-8A89-4ECF-9537-8391208867EC}"
EndProject
Project("{9A19103F-16F7-4668-BE54-9A1E7A4F7556}") = "Hotel01", "Hotel01\Hotel01.csproj", "{51C11774-5176-48AA-8A96-A73CEAB4BB5B}"
EndProject
Project("{9A19103F-16F7-4668-BE54-9A1E7A4F7556}") = "KopfgesteuerteSchleife", "KopfgesteuerteSchleife\KopfgesteuerteSchleife.csproj", "{8EACCB48-5BFA-442B-B36B-9C199D067662}"
EndProject
Project("{9A19103F-16F7-4668-BE54-9A1E7A4F7556}") = "FussgesteuerteSchleife", "FussgesteuerteSchleife\FussgesteuerteSchleife.csproj", "{60F2C9C7-E309-449C-BED4-A73F6C9A3CA2}"
EndProject
Project("{9A19103F-16F7-4668-BE54-9A1E7A4F7556}") = "ZaehlergesteuerteSchleife", "ZaehlergesteuerteSchleife\ZaehlergesteuerteSchleife.csproj", "{D6A94D72-4615-4095-9DA6-0E6DCE706708}"
EndProject
Project("{9A19103F-16F7-4668-BE54-9A1E7A4F7556}") = "Operatoren", "Operatoren\Operatoren.csproj", "{5CC97ACE-2CCB-4F82-94D1-929380CAA34F}"
EndProject
Project("{9A19103F-16F7-4668-BE54-9A1E7A4F7556}") = "Geburtstag", "Geburtstag\Geburtstag.csproj", "{5AF5BF90-8B10-492F-84F1-DC649CBE16F3}"
EndProject
Project("{9A19103F-16F7-4668-BE54-9A1E7A4F7556}") = "Netzwerk", "Netzwerk\Netzwerk.csproj", "{783F7EAB-302A-44D7-82D6-0232D32C1417}"
EndProject
Project("{9A19103F-16F7-4668-BE54-9A1E7A4F7556}") = "Tannenbaum", "Tannenbaum\Tannenbaum.csproj", "{A15CA51F-B5BC-4CA9-8C1E-B00627D5015C}"
EndProject
Project("{FAE04EC0-301F-11D3-BF4B-00C04F79EFBC}") = "Arrays", "Arrays\Arrays.csproj", "{4D4F1265-6A8A-4F92-8CDE-1F97366F6306}"
EndProject
Project("{FAE04EC0-301F-11D3-BF4B-00C04F79EFBC}") = "Autovermietung", "Autovermietung\Autovermietung.csproj", "{F588242B-CD9E-433D-B923-82677A40D6C9}"
EndProject
Project("{FAE04EC0-301F-11D3-BF4B-00C04F79EFBC}") = "ArrayNr162_164", "ArrayNr162\ArrayNr162_164.csproj", "{1CD3AE57-C097-4BB6-94BC-D3F59786C6E5}"
EndProject
Project("{FAE04EC0-301F-11D3-BF4B-00C04F79EFBC}") = "Zufallszahlen_Aufgabe167", "Zufallszahlen_Aufgabe167\Zufallszahlen_Aufgabe167.csproj", "{7C312DA1-3887-494D-92BD-63112D122DAB}"
EndProject
Project("{FAE04EC0-301F-11D3-BF4B-00C04F79EFBC}") = "StaedtePopulation", "StaedtePopulation\StaedtePopulation.csproj", "{609B94AD-68F8-4E30-9C5D-796E123EF519}"
EndProject
Project("{FAE04EC0-301F-11D3-BF4B-00C04F79EFBC}") = "QuadratzahlenImArray", "QuadratzahlenImArray\QuadratzahlenImArray.csproj", "{891CDFF9-1349-4AA5-899B-9492D5341933}"
EndProject
Project("{FAE04EC0-301F-11D3-BF4B-00C04F79EFBC}") = "Schleife3", "Schleife3\Schleife3.csproj", "{83CD6D4C-6FFF-4EBE-A561-CCBBF76A7374}"
EndProject
Project("{FAE04EC0-301F-11D3-BF4B-00C04F79EFBC}") = "TicTacToe", "TicTacToe\TicTacToe.csproj", "{7647DEB5-DA36-4539-A032-9CBDC48A1071}"
EndProject
Project("{FAE04EC0-301F-11D3-BF4B-00C04F79EFBC}") = "Wochentage", "Wochentage\Wochentage.csproj", "{77B80DCA-3061-4261-970D-8CA32DAC0D35}"
EndProject
Global
	GlobalSection(SolutionConfigurationPlatforms) = preSolution
		Debug|Any CPU = Debug|Any CPU
		Release|Any CPU = Release|Any CPU
	EndGlobalSection
	GlobalSection(ProjectConfigurationPlatforms) = postSolution
		{8F994561-FF09-4D3F-A5F3-F60653E88F24}.Debug|Any CPU.ActiveCfg = Debug|Any CPU
		{8F994561-FF09-4D3F-A5F3-F60653E88F24}.Debug|Any CPU.Build.0 = Debug|Any CPU
		{8F994561-FF09-4D3F-A5F3-F60653E88F24}.Release|Any CPU.ActiveCfg = Release|Any CPU
		{8F994561-FF09-4D3F-A5F3-F60653E88F24}.Release|Any CPU.Build.0 = Release|Any CPU
		{484C86C4-13DD-476D-8BFC-BD8D5B8BD6C9}.Debug|Any CPU.ActiveCfg = Debug|Any CPU
		{484C86C4-13DD-476D-8BFC-BD8D5B8BD6C9}.Debug|Any CPU.Build.0 = Debug|Any CPU
		{484C86C4-13DD-476D-8BFC-BD8D5B8BD6C9}.Release|Any CPU.ActiveCfg = Release|Any CPU
		{484C86C4-13DD-476D-8BFC-BD8D5B8BD6C9}.Release|Any CPU.Build.0 = Release|Any CPU
		{780DC723-277D-4428-BC0E-C22D181301DA}.Debug|Any CPU.ActiveCfg = Debug|Any CPU
		{780DC723-277D-4428-BC0E-C22D181301DA}.Debug|Any CPU.Build.0 = Debug|Any CPU
		{780DC723-277D-4428-BC0E-C22D181301DA}.Release|Any CPU.ActiveCfg = Release|Any CPU
		{780DC723-277D-4428-BC0E-C22D181301DA}.Release|Any CPU.Build.0 = Release|Any CPU
		{C39CAD4D-9233-4E1C-A988-09ACC15C5A48}.Debug|Any CPU.ActiveCfg = Debug|Any CPU
		{C39CAD4D-9233-4E1C-A988-09ACC15C5A48}.Debug|Any CPU.Build.0 = Debug|Any CPU
		{C39CAD4D-9233-4E1C-A988-09ACC15C5A48}.Release|Any CPU.ActiveCfg = Release|Any CPU
		{C39CAD4D-9233-4E1C-A988-09ACC15C5A48}.Release|Any CPU.Build.0 = Release|Any CPU
		{3900B535-5EC4-4A50-81B7-6E8F37435583}.Debug|Any CPU.ActiveCfg = Debug|Any CPU
		{3900B535-5EC4-4A50-81B7-6E8F37435583}.Debug|Any CPU.Build.0 = Debug|Any CPU
		{3900B535-5EC4-4A50-81B7-6E8F37435583}.Release|Any CPU.ActiveCfg = Release|Any CPU
		{3900B535-5EC4-4A50-81B7-6E8F37435583}.Release|Any CPU.Build.0 = Release|Any CPU
		{D12854BB-8A89-4ECF-9537-8391208867EC}.Debug|Any CPU.ActiveCfg = Debug|Any CPU
		{D12854BB-8A89-4ECF-9537-8391208867EC}.Debug|Any CPU.Build.0 = Debug|Any CPU
		{D12854BB-8A89-4ECF-9537-8391208867EC}.Release|Any CPU.ActiveCfg = Release|Any CPU
		{D12854BB-8A89-4ECF-9537-8391208867EC}.Release|Any CPU.Build.0 = Release|Any CPU
		{51C11774-5176-48AA-8A96-A73CEAB4BB5B}.Debug|Any CPU.ActiveCfg = Debug|Any CPU
		{51C11774-5176-48AA-8A96-A73CEAB4BB5B}.Debug|Any CPU.Build.0 = Debug|Any CPU
		{51C11774-5176-48AA-8A96-A73CEAB4BB5B}.Release|Any CPU.ActiveCfg = Release|Any CPU
		{51C11774-5176-48AA-8A96-A73CEAB4BB5B}.Release|Any CPU.Build.0 = Release|Any CPU
		{8EACCB48-5BFA-442B-B36B-9C199D067662}.Debug|Any CPU.ActiveCfg = Debug|Any CPU
		{8EACCB48-5BFA-442B-B36B-9C199D067662}.Debug|Any CPU.Build.0 = Debug|Any CPU
		{8EACCB48-5BFA-442B-B36B-9C199D067662}.Release|Any CPU.ActiveCfg = Release|Any CPU
		{8EACCB48-5BFA-442B-B36B-9C199D067662}.Release|Any CPU.Build.0 = Release|Any CPU
		{60F2C9C7-E309-449C-BED4-A73F6C9A3CA2}.Debug|Any CPU.ActiveCfg = Debug|Any CPU
		{60F2C9C7-E309-449C-BED4-A73F6C9A3CA2}.Debug|Any CPU.Build.0 = Debug|Any CPU
		{60F2C9C7-E309-449C-BED4-A73F6C9A3CA2}.Release|Any CPU.ActiveCfg = Release|Any CPU
		{60F2C9C7-E309-449C-BED4-A73F6C9A3CA2}.Release|Any CPU.Build.0 = Release|Any CPU
		{D6A94D72-4615-4095-9DA6-0E6DCE706708}.Debug|Any CPU.ActiveCfg = Debug|Any CPU
		{D6A94D72-4615-4095-9DA6-0E6DCE706708}.Debug|Any CPU.Build.0 = Debug|Any CPU
		{D6A94D72-4615-4095-9DA6-0E6DCE706708}.Release|Any CPU.ActiveCfg = Release|Any CPU
		{D6A94D72-4615-4095-9DA6-0E6DCE706708}.Release|Any CPU.Build.0 = Release|Any CPU
		{5CC97ACE-2CCB-4F82-94D1-929380CAA34F}.Debug|Any CPU.ActiveCfg = Debug|Any CPU
		{5CC97ACE-2CCB-4F82-94D1-929380CAA34F}.Debug|Any CPU.Build.0 = Debug|Any CPU
		{5CC97ACE-2CCB-4F82-94D1-929380CAA34F}.Release|Any CPU.ActiveCfg = Release|Any CPU
		{5CC97ACE-2CCB-4F82-94D1-929380CAA34F}.Release|Any CPU.Build.0 = Release|Any CPU
		{5AF5BF90-8B10-492F-84F1-DC649CBE16F3}.Debug|Any CPU.ActiveCfg = Debug|Any CPU
		{5AF5BF90-8B10-492F-84F1-DC649CBE16F3}.Debug|Any CPU.Build.0 = Debug|Any CPU
		{5AF5BF90-8B10-492F-84F1-DC649CBE16F3}.Release|Any CPU.ActiveCfg = Release|Any CPU
		{5AF5BF90-8B10-492F-84F1-DC649CBE16F3}.Release|Any CPU.Build.0 = Release|Any CPU
		{783F7EAB-302A-44D7-82D6-0232D32C1417}.Debug|Any CPU.ActiveCfg = Debug|Any CPU
		{783F7EAB-302A-44D7-82D6-0232D32C1417}.Debug|Any CPU.Build.0 = Debug|Any CPU
		{783F7EAB-302A-44D7-82D6-0232D32C1417}.Release|Any CPU.ActiveCfg = Release|Any CPU
		{783F7EAB-302A-44D7-82D6-0232D32C1417}.Release|Any CPU.Build.0 = Release|Any CPU
		{A15CA51F-B5BC-4CA9-8C1E-B00627D5015C}.Debug|Any CPU.ActiveCfg = Debug|Any CPU
		{A15CA51F-B5BC-4CA9-8C1E-B00627D5015C}.Debug|Any CPU.Build.0 = Debug|Any CPU
		{A15CA51F-B5BC-4CA9-8C1E-B00627D5015C}.Release|Any CPU.ActiveCfg = Release|Any CPU
		{A15CA51F-B5BC-4CA9-8C1E-B00627D5015C}.Release|Any CPU.Build.0 = Release|Any CPU
		{4D4F1265-6A8A-4F92-8CDE-1F97366F6306}.Debug|Any CPU.ActiveCfg = Debug|Any CPU
		{4D4F1265-6A8A-4F92-8CDE-1F97366F6306}.Debug|Any CPU.Build.0 = Debug|Any CPU
		{4D4F1265-6A8A-4F92-8CDE-1F97366F6306}.Release|Any CPU.ActiveCfg = Release|Any CPU
		{4D4F1265-6A8A-4F92-8CDE-1F97366F6306}.Release|Any CPU.Build.0 = Release|Any CPU
		{F588242B-CD9E-433D-B923-82677A40D6C9}.Debug|Any CPU.ActiveCfg = Debug|Any CPU
		{F588242B-CD9E-433D-B923-82677A40D6C9}.Debug|Any CPU.Build.0 = Debug|Any CPU
		{F588242B-CD9E-433D-B923-82677A40D6C9}.Release|Any CPU.ActiveCfg = Release|Any CPU
		{F588242B-CD9E-433D-B923-82677A40D6C9}.Release|Any CPU.Build.0 = Release|Any CPU
		{1CD3AE57-C097-4BB6-94BC-D3F59786C6E5}.Debug|Any CPU.ActiveCfg = Debug|Any CPU
		{1CD3AE57-C097-4BB6-94BC-D3F59786C6E5}.Debug|Any CPU.Build.0 = Debug|Any CPU
		{1CD3AE57-C097-4BB6-94BC-D3F59786C6E5}.Release|Any CPU.ActiveCfg = Release|Any CPU
		{1CD3AE57-C097-4BB6-94BC-D3F59786C6E5}.Release|Any CPU.Build.0 = Release|Any CPU
		{7C312DA1-3887-494D-92BD-63112D122DAB}.Debug|Any CPU.ActiveCfg = Debug|Any CPU
		{7C312DA1-3887-494D-92BD-63112D122DAB}.Debug|Any CPU.Build.0 = Debug|Any CPU
		{7C312DA1-3887-494D-92BD-63112D122DAB}.Release|Any CPU.ActiveCfg = Release|Any CPU
		{7C312DA1-3887-494D-92BD-63112D122DAB}.Release|Any CPU.Build.0 = Release|Any CPU
		{609B94AD-68F8-4E30-9C5D-796E123EF519}.Debug|Any CPU.ActiveCfg = Debug|Any CPU
		{609B94AD-68F8-4E30-9C5D-796E123EF519}.Debug|Any CPU.Build.0 = Debug|Any CPU
		{609B94AD-68F8-4E30-9C5D-796E123EF519}.Release|Any CPU.ActiveCfg = Release|Any CPU
		{609B94AD-68F8-4E30-9C5D-796E123EF519}.Release|Any CPU.Build.0 = Release|Any CPU
		{891CDFF9-1349-4AA5-899B-9492D5341933}.Debug|Any CPU.ActiveCfg = Debug|Any CPU
		{891CDFF9-1349-4AA5-899B-9492D5341933}.Debug|Any CPU.Build.0 = Debug|Any CPU
		{891CDFF9-1349-4AA5-899B-9492D5341933}.Release|Any CPU.ActiveCfg = Release|Any CPU
		{891CDFF9-1349-4AA5-899B-9492D5341933}.Release|Any CPU.Build.0 = Release|Any CPU
		{83CD6D4C-6FFF-4EBE-A561-CCBBF76A7374}.Debug|Any CPU.ActiveCfg = Debug|Any CPU
		{83CD6D4C-6FFF-4EBE-A561-CCBBF76A7374}.Debug|Any CPU.Build.0 = Debug|Any CPU
		{83CD6D4C-6FFF-4EBE-A561-CCBBF76A7374}.Release|Any CPU.ActiveCfg = Release|Any CPU
		{83CD6D4C-6FFF-4EBE-A561-CCBBF76A7374}.Release|Any CPU.Build.0 = Release|Any CPU
		{7647DEB5-DA36-4539-A032-9CBDC48A1071}.Debug|Any CPU.ActiveCfg = Debug|Any CPU
		{7647DEB5-DA36-4539-A032-9CBDC48A1071}.Debug|Any CPU.Build.0 = Debug|Any CPU
		{7647DEB5-DA36-4539-A032-9CBDC48A1071}.Release|Any CPU.ActiveCfg = Release|Any CPU
		{7647DEB5-DA36-4539-A032-9CBDC48A1071}.Release|Any CPU.Build.0 = Release|Any CPU
		{77B80DCA-3061-4261-970D-8CA32DAC0D35}.Debug|Any CPU.ActiveCfg = Debug|Any CPU
		{77B80DCA-3061-4261-970D-8CA32DAC0D35}.Debug|Any CPU.Build.0 = Debug|Any CPU
		{77B80DCA-3061-4261-970D-8CA32DAC0D35}.Release|Any CPU.ActiveCfg = Release|Any CPU
		{77B80DCA-3061-4261-970D-8CA32DAC0D35}.Release|Any CPU.Build.0 = Release|Any CPU
	EndGlobalSection
	GlobalSection(SolutionProperties) = preSolution
		HideSolutionNode = FALSE
	EndGlobalSection
	GlobalSection(NestedProjects) = preSolution
		{8F994561-FF09-4D3F-A5F3-F60653E88F24} = {12493A9C-DC62-4568-8075-27AE77087A0A}
		{484C86C4-13DD-476D-8BFC-BD8D5B8BD6C9} = {12493A9C-DC62-4568-8075-27AE77087A0A}
		{780DC723-277D-4428-BC0E-C22D181301DA} = {06C5959A-CEB3-4724-B8CA-D5BA634F8218}
		{C39CAD4D-9233-4E1C-A988-09ACC15C5A48} = {EC1F4500-1DC1-40EA-B5F3-28F84525B1AD}
		{3900B535-5EC4-4A50-81B7-6E8F37435583} = {06C5959A-CEB3-4724-B8CA-D5BA634F8218}
		{D12854BB-8A89-4ECF-9537-8391208867EC} = {06C5959A-CEB3-4724-B8CA-D5BA634F8218}
		{51C11774-5176-48AA-8A96-A73CEAB4BB5B} = {12493A9C-DC62-4568-8075-27AE77087A0A}
		{8EACCB48-5BFA-442B-B36B-9C199D067662} = {12493A9C-DC62-4568-8075-27AE77087A0A}
		{60F2C9C7-E309-449C-BED4-A73F6C9A3CA2} = {12493A9C-DC62-4568-8075-27AE77087A0A}
		{D6A94D72-4615-4095-9DA6-0E6DCE706708} = {12493A9C-DC62-4568-8075-27AE77087A0A}
		{5CC97ACE-2CCB-4F82-94D1-929380CAA34F} = {06C5959A-CEB3-4724-B8CA-D5BA634F8218}
		{5AF5BF90-8B10-492F-84F1-DC649CBE16F3} = {12493A9C-DC62-4568-8075-27AE77087A0A}
		{783F7EAB-302A-44D7-82D6-0232D32C1417} = {12493A9C-DC62-4568-8075-27AE77087A0A}
		{A15CA51F-B5BC-4CA9-8C1E-B00627D5015C} = {EC1F4500-1DC1-40EA-B5F3-28F84525B1AD}
		{4D4F1265-6A8A-4F92-8CDE-1F97366F6306} = {06C5959A-CEB3-4724-B8CA-D5BA634F8218}
		{F588242B-CD9E-433D-B923-82677A40D6C9} = {EC1F4500-1DC1-40EA-B5F3-28F84525B1AD}
		{1CD3AE57-C097-4BB6-94BC-D3F59786C6E5} = {EC1F4500-1DC1-40EA-B5F3-28F84525B1AD}
		{7C312DA1-3887-494D-92BD-63112D122DAB} = {EC1F4500-1DC1-40EA-B5F3-28F84525B1AD}
		{609B94AD-68F8-4E30-9C5D-796E123EF519} = {12493A9C-DC62-4568-8075-27AE77087A0A}
		{891CDFF9-1349-4AA5-899B-9492D5341933} = {12493A9C-DC62-4568-8075-27AE77087A0A}
		{83CD6D4C-6FFF-4EBE-A561-CCBBF76A7374} = {EC1F4500-1DC1-40EA-B5F3-28F84525B1AD}
		{7647DEB5-DA36-4539-A032-9CBDC48A1071} = {EC1F4500-1DC1-40EA-B5F3-28F84525B1AD}
		{77B80DCA-3061-4261-970D-8CA32DAC0D35} = {12493A9C-DC62-4568-8075-27AE77087A0A}
	EndGlobalSection
	GlobalSection(ExtensibilityGlobals) = postSolution
		SolutionGuid = {C71F694E-0AC7-4DD1-9E52-633EB6C419AE}
	EndGlobalSection
EndGlobal
